
Microsoft Visual Studio Solution File, Format Version 12.00
# Visual Studio 15
Project("{FAE04EC0-301F-11D3-BF4B-00C04F79EFBC}") = "RetroIl", "RetroIl\RetroIl.csproj", "{50716A96-8041-423E-960B-D11D8E0E3985}"
EndProject
Project("{FAE04EC0-301F-11D3-BF4B-00C04F79EFBC}") = "RetroIl.Contracts", "RetroIl.Contracts\RetroIl.Contracts.csproj", "{A077AE71-1AC4-4A9A-9874-DE7B1E6BE9EE}"
EndProject
Global
	GlobalSection(SolutionConfigurationPlatforms) = preSolution
		Debug|Any CPU = Debug|Any CPU
		Release|Any CPU = Release|Any CPU
	EndGlobalSection
	GlobalSection(ProjectConfigurationPlatforms) = postSolution
		{50716A96-8041-423E-960B-D11D8E0E3985}.Debug|Any CPU.ActiveCfg = Debug|Any CPU
		{50716A96-8041-423E-960B-D11D8E0E3985}.Debug|Any CPU.Build.0 = Debug|Any CPU
		{50716A96-8041-423E-960B-D11D8E0E3985}.Release|Any CPU.ActiveCfg = Release|Any CPU
		{50716A96-8041-423E-960B-D11D8E0E3985}.Release|Any CPU.Build.0 = Release|Any CPU
		{A077AE71-1AC4-4A9A-9874-DE7B1E6BE9EE}.Debug|Any CPU.ActiveCfg = Debug|Any CPU
		{A077AE71-1AC4-4A9A-9874-DE7B1E6BE9EE}.Debug|Any CPU.Build.0 = Debug|Any CPU
		{A077AE71-1AC4-4A9A-9874-DE7B1E6BE9EE}.Release|Any CPU.ActiveCfg = Release|Any CPU
		{A077AE71-1AC4-4A9A-9874-DE7B1E6BE9EE}.Release|Any CPU.Build.0 = Release|Any CPU
	EndGlobalSection
EndGlobal
